{
  "name": "webdaemon-term",
  "version": "file:../../../private/tmp/webdaemon-term-build/term",
  "lockfileVersion": 3,
  "requires": true,
  "packages": {
    "": {
      "name": "webdaemon-term",
      "dependencies": {
        "@xterm/addon-fit": "0.11.0",
        "@xterm/xterm": "6.0.0",
        "webdaemon": "36.0.0"
      },
      "engines": {
        "node": ">=22"
      }
    },
    "../../../private/tmp/webdaemon-term-build/term/node_modules/@xterm/addon-fit": {
      "version": "0.11.0",
      "resolved": "https://registry.npmjs.org/@xterm/addon-fit/-/addon-fit-0.11.0.tgz",
      "integrity": "sha512-jYcgT6xtVYhnhgxh3QgYDnnNMYTcf8ElbxxFzX0IZo+vabQqSPAjC3c1wJrKB5E19VwQei89QCiZZP86DCPF7g==",
      "license": "MIT"
    },
    "../../../private/tmp/webdaemon-term-build/term/node_modules/@xterm/xterm": {
      "version": "6.0.0",
      "resolved": "https://registry.npmjs.org/@xterm/xterm/-/xterm-6.0.0.tgz",
      "integrity": "sha512-TQwDdQGtwwDt+2cgKDLn0IRaSxYu1tSUjgKarSDkUM0ZNiSRXFpjxEsvc/Zgc5kq5omJ+V0a8/kIM2WD3sMOYg==",
      "license": "MIT",
      "workspaces": [
        "addons/*"
      ]
    },
    "../../../private/tmp/webdaemon-term-build/term/node_modules/webdaemon": {
      "version": "36.0.0",
      "resolved": "https://registry.npmjs.org/webdaemon/-/webdaemon-36.0.0.tgz",
      "integrity": "sha512-W/fxtMqL2iSzP3UlvQ9JfGR5jMgxwhjLWHI3DL8ZuwUH4zb7Wz4gZULakOowP9g51lEN9rpBzKZvdnHkhvEeqg==",
      "license": "ISC",
      "bin": {
        "test": "bin/test.js"
      }
    }
  }
}
